// !$*UTF8*$!
{
	archiveVersion = 1;
	classes = {
	};
	objectVersion = 56;
	objects = {

/* Begin PBXBuildFile section */
		3A098EEF2AEECA1C0021B8B7 /* XDismissButton.swift in Sources */ = {isa = PBXBuildFile; fileRef = 3A098EEE2AEECA1C0021B8B7 /* XDismissButton.swift */; };
		3A475BF62AEC36FB003E67FB /* PokemonDetailView.swift in Sources */ = {isa = PBXBuildFile; fileRef = 3A475BF52AEC36FB003E67FB /* PokemonDetailView.swift */; };
		3ACA67E72AEACDCC00336DA2 /* PokemonApiApp.swift in Sources */ = {isa = PBXBuildFile; fileRef = 3ACA67E62AEACDCC00336DA2 /* PokemonApiApp.swift */; };
		3ACA67E92AEACDCC00336DA2 /* ContentView.swift in Sources */ = {isa = PBXBuildFile; fileRef = 3ACA67E82AEACDCC00336DA2 /* ContentView.swift */; };
		3ACA67EB2AEACDCD00336DA2 /* Assets.xcassets in Resources */ = {isa = PBXBuildFile; fileRef = 3ACA67EA2AEACDCD00336DA2 /* Assets.xcassets */; };
		3ACA67EE2AEACDCD00336DA2 /* Preview Assets.xcassets in Resources */ = {isa = PBXBuildFile; fileRef = 3ACA67ED2AEACDCD00336DA2 /* Preview Assets.xcassets */; };
		3ACA67F52AEACE0300336DA2 /* PokemonService.swift in Sources */ = {isa = PBXBuildFile; fileRef = 3ACA67F42AEACE0300336DA2 /* PokemonService.swift */; };
		3ACA67F72AEACE5900336DA2 /* PokemonViewModel.swift in Sources */ = {isa = PBXBuildFile; fileRef = 3ACA67F62AEACE5900336DA2 /* PokemonViewModel.swift */; };
		3ACA67F92AEACEF700336DA2 /* PokemonModel.swift in Sources */ = {isa = PBXBuildFile; fileRef = 3ACA67F82AEACEF700336DA2 /* PokemonModel.swift */; };
/* End PBXBuildFile section */

/* Begin PBXFileReference section */
		3A098EEE2AEECA1C0021B8B7 /* XDismissButton.swift */ = {isa = PBXFileReference; lastKnownFileType = sourcecode.swift; path = XDismissButton.swift; sourceTree = "<group>"; };
		3A475BF52AEC36FB003E67FB /* PokemonDetailView.swift */ = {isa = PBXFileReference; lastKnownFileType = sourcecode.swift; path = PokemonDetailView.swift; sourceTree = "<group>"; };
		3ACA67E32AEACDCC00336DA2 /* PokemonApi.app */ = {isa = PBXFileReference; explicitFileType = wrapper.application; includeInIndex = 0; path = PokemonApi.app; sourceTree = BUILT_PRODUCTS_DIR; };
		3ACA67E62AEACDCC00336DA2 /* PokemonApiApp.swift */ = {isa = PBXFileReference; lastKnownFileType = sourcecode.swift; path = PokemonApiApp.swift; sourceTree = "<group>"; };
		3ACA67E82AEACDCC00336DA2 /* ContentView.swift */ = {isa = PBXFileReference; lastKnownFileType = sourcecode.swift; path = ContentView.swift; sourceTree = "<group>"; };
		3ACA67EA2AEACDCD00336DA2 /* Assets.xcassets */ = {isa = PBXFileReference; lastKnownFileType = folder.assetcatalog; path = Assets.xcassets; sourceTree = "<group>"; };
		3ACA67ED2AEACDCD00336DA2 /* Preview Assets.xcassets */ = {isa = PBXFileReference; lastKnownFileType = folder.assetcatalog; path = "Preview Assets.xcassets"; sourceTree = "<group>"; };
		3ACA67F42AEACE0300336DA2 /* PokemonService.swift */ = {isa = PBXFileReference; lastKnownFileType = sourcecode.swift; path = PokemonService.swift; sourceTree = "<group>"; };
		3ACA67F62AEACE5900336DA2 /* PokemonViewModel.swift */ = {isa = PBXFileReference; lastKnownFileType = sourcecode.swift; path = PokemonViewModel.swift; sourceTree = "<group>"; };
		3ACA67F82AEACEF700336DA2 /* PokemonModel.swift */ = {isa = PBXFileReference; lastKnownFileType = sourcecode.swift; path = PokemonModel.swift; sourceTree = "<group>"; };
/* End PBXFileReference section */

/* Begin PBXFrameworksBuildPhase section */
		3ACA67E02AEACDCC00336DA2 /* Frameworks */ = {
			isa = PBXFrameworksBuildPhase;
			buildActionMask = 2147483647;
			files = (
			);
			runOnlyForDeploymentPostprocessing = 0;
		};
/* End PBXFrameworksBuildPhase section */

/* Begin PBXGroup section */
		3A098EF02AEECA250021B8B7 /* Button */ = {
			isa = PBXGroup;
			children = (
				3A098EEE2AEECA1C0021B8B7 /* XDismissButton.swift */,
			);
			path = Button;
			sourceTree = "<group>";
		};
		3A098EF12AEECA2E0021B8B7 /* Model */ = {
			isa = PBXGroup;
			children = (
				3ACA67F82AEACEF700336DA2 /* PokemonModel.swift */,
			);
			path = Model;
			sourceTree = "<group>";
		};
		3A098EF22AEECA340021B8B7 /* ViewModel */ = {
			isa = PBXGroup;
			children = (
				3ACA67F42AEACE0300336DA2 /* PokemonService.swift */,
				3ACA67F62AEACE5900336DA2 /* PokemonViewModel.swift */,
			);
			path = ViewModel;
			sourceTree = "<group>";
		};
		3A098EF32AEECA470021B8B7 /* View */ = {
			isa = PBXGroup;
			children = (
				3ACA67E82AEACDCC00336DA2 /* ContentView.swift */,
				3A475BF52AEC36FB003E67FB /* PokemonDetailView.swift */,
			);
			path = View;
			sourceTree = "<group>";
		};
		3ACA67DA2AEACDCC00336DA2 = {
			isa = PBXGroup;
			children = (
				3ACA67E52AEACDCC00336DA2 /* PokemonApi */,
				3ACA67E42AEACDCC00336DA2 /* Products */,
			);
			sourceTree = "<group>";
		};
		3ACA67E42AEACDCC00336DA2 /* Products */ = {
			isa = PBXGroup;
			children = (
				3ACA67E32AEACDCC00336DA2 /* PokemonApi.app */,
			);
			name = Products;
			sourceTree = "<group>";
		};
		3ACA67E52AEACDCC00336DA2 /* PokemonApi */ = {
			isa = PBXGroup;
			children = (
				3ACA67E62AEACDCC00336DA2 /* PokemonApiApp.swift */,
				3A098EF12AEECA2E0021B8B7 /* Model */,
				3A098EF22AEECA340021B8B7 /* ViewModel */,
				3A098EF32AEECA470021B8B7 /* View */,
				3A098EF02AEECA250021B8B7 /* Button */,
				3ACA67EA2AEACDCD00336DA2 /* Assets.xcassets */,
				3ACA67EC2AEACDCD00336DA2 /* Preview Content */,
			);
			path = PokemonApi;
			sourceTree = "<group>";
		};
		3ACA67EC2AEACDCD00336DA2 /* Preview Content */ = {
			isa = PBXGroup;
			children = (
				3ACA67ED2AEACDCD00336DA2 /* Preview Assets.xcassets */,
			);
			path = "Preview Content";
			sourceTree = "<group>";
		};
/* End PBXGroup section */

/* Begin PBXNativeTarget section */
		3ACA67E22AEACDCC00336DA2 /* PokemonApi */ = {
			isa = PBXNativeTarget;
			buildConfigurationList = 3ACA67F12AEACDCD00336DA2 /* Build configuration list for PBXNativeTarget "PokemonApi" */;
			buildPhases = (
				3ACA67DF2AEACDCC00336DA2 /* Sources */,
				3ACA67E02AEACDCC00336DA2 /* Frameworks */,
				3ACA67E12AEACDCC00336DA2 /* Resources */,
			);
			buildRules = (
			);
			dependencies = (
			);
			name = PokemonApi;
			productName = PokemonApi;
			productReference = 3ACA67E32AEACDCC00336DA2 /* PokemonApi.app */;
			productType = "com.apple.product-type.application";
		};
/* End PBXNativeTarget section */

/* Begin PBXProject section */
		3ACA67DB2AEACDCC00336DA2 /* Project object */ = {
			isa = PBXProject;
			attributes = {
				BuildIndependentTargetsInParallel = 1;
				LastSwiftUpdateCheck = 1500;
				LastUpgradeCheck = 1500;
				TargetAttributes = {
					3ACA67E22AEACDCC00336DA2 = {
						CreatedOnToolsVersion = 15.0;
					};
				};
			};
			buildConfigurationList = 3ACA67DE2AEACDCC00336DA2 /* Build configuration list for PBXProject "PokemonApi" */;
			compatibilityVersion = "Xcode 14.0";
			developmentRegion = en;
			hasScannedForEncodings = 0;
			knownRegions = (
				en,
				Base,
			);
			mainGroup = 3ACA67DA2AEACDCC00336DA2;
			productRefGroup = 3ACA67E42AEACDCC00336DA2 /* Products */;
			projectDirPath = "";
			projectRoot = "";
			targets = (
				3ACA67E22AEACDCC00336DA2 /* PokemonApi */,
			);
		};
/* End PBXProject section */

/* Begin PBXResourcesBuildPhase section */
		3ACA67E12AEACDCC00336DA2 /* Resources */ = {
			isa = PBXResourcesBuildPhase;
			buildActionMask = 2147483647;
			files = (
				3ACA67EE2AEACDCD00336DA2 /* Preview Assets.xcassets in Resources */,
				3ACA67EB2AEACDCD00336DA2 /* Assets.xcassets in Resources */,
			);
			runOnlyForDeploymentPostprocessing = 0;
		};
/* End PBXResourcesBuildPhase section */

/* Begin PBXSourcesBuildPhase section */
		3ACA67DF2AEACDCC00336DA2 /* Sources */ = {
			isa = PBXSourcesBuildPhase;
			buildActionMask = 2147483647;
			files = (
				3ACA67E92AEACDCC00336DA2 /* ContentView.swift in Sources */,
				3ACA67E72AEACDCC00336DA2 /* PokemonApiApp.swift in Sources */,
				3ACA67F72AEACE5900336DA2 /* PokemonViewModel.swift in Sources */,
				3ACA67F92AEACEF700336DA2 /* PokemonModel.swift in Sources */,
				3ACA67F52AEACE0300336DA2 /* PokemonService.swift in Sources */,
				3A475BF62AEC36FB003E67FB /* PokemonDetailView.swift in Sources */,
				3A098EEF2AEECA1C0021B8B7 /* XDismissButton.swift in Sources */,
			);
			runOnlyForDeploymentPostprocessing = 0;
		};
/* End PBXSourcesBuildPhase section */

/* Begin XCBuildConfiguration section */
		3ACA67EF2AEACDCD00336DA2 /* Debug */ = {
			isa = XCBuildConfiguration;
			buildSettings = {
				ALWAYS_SEARCH_USER_PATHS = NO;
				ASSETCATALOG_COMPILER_GENERATE_SWIFT_ASSET_SYMBOL_EXTENSIONS = YES;
				CLANG_ANALYZER_NONNULL = YES;
				CLANG_ANALYZER_NUMBER_OBJECT_CONVERSION = YES_AGGRESSIVE;
				CLANG_CXX_LANGUAGE_STANDARD = "gnu++20";
				CLANG_ENABLE_MODULES = YES;
				CLANG_ENABLE_OBJC_ARC = YES;
				CLANG_ENABLE_OBJC_WEAK = YES;
				CLANG_WARN_BLOCK_CAPTURE_AUTORELEASING = YES;
				CLANG_WARN_BOOL_CONVERSION = YES;
				CLANG_WARN_COMMA = YES;
				CLANG_WARN_CONSTANT_CONVERSION = YES;
				CLANG_WARN_DEPRECATED_OBJC_IMPLEMENTATIONS = YES;
				CLANG_WARN_DIRECT_OBJC_ISA_USAGE = YES_ERROR;
				CLANG_WARN_DOCUMENTATION_COMMENTS = YES;
				CLANG_WARN_EMPTY_BODY = YES;
				CLANG_WARN_ENUM_CONVERSION = YES;
				CLANG_WARN_INFINITE_RECURSION = YES;
				CLANG_WARN_INT_CONVERSION = YES;
				CLANG_WARN_NON_LITERAL_NULL_CONVERSION = YES;
				CLANG_WARN_OBJC_IMPLICIT_RETAIN_SELF = YES;
				CLANG_WARN_OBJC_LITERAL_CONVERSION = YES;
				CLANG_WARN_OBJC_ROOT_CLASS = YES_ERROR;
				CLANG_WARN_QUOTED_INCLUDE_IN_FRAMEWORK_HEADER = YES;
				CLANG_WARN_RANGE_LOOP_ANALYSIS = YES;
				CLANG_WARN_STRICT_PROTOTYPES = YES;
				CLANG_WARN_SUSPICIOUS_MOVE = YES;
				CLANG_WARN_UNGUARDED_AVAILABILITY = YES_AGGRESSIVE;
				CLANG_WARN_UNREACHABLE_CODE = YES;
				CLANG_WARN__DUPLICATE_METHOD_MATCH = YES;
				COPY_PHASE_STRIP = NO;
				DEBUG_INFORMATION_FORMAT = dwarf;
				ENABLE_STRICT_OBJC_MSGSEND = YES;
				ENABLE_TESTABILITY = YES;
				ENABLE_USER_SCRIPT_SANDBOXING = YES;
				GCC_C_LANGUAGE_STANDARD = gnu17;
				GCC_DYNAMIC_NO_PIC = NO;
				GCC_NO_COMMON_BLOCKS = YES;
				GCC_OPTIMIZATION_LEVEL = 0;
				GCC_PREPROCESSOR_DEFINITIONS = (
					"DEBUG=1",
					"$(inherited)",
				);
				GCC_WARN_64_TO_32_BIT_CONVERSION = YES;
				GCC_WARN_ABOUT_RETURN_TYPE = YES_ERROR;
				GCC_WARN_UNDECLARED_SELECTOR = YES;
				GCC_WARN_UNINITIALIZED_AUTOS = YES_AGGRESSIVE;
				GCC_WARN_UNUSED_FUNCTION = YES;
				GCC_WARN_UNUSED_VARIABLE = YES;
				IPHONEOS_DEPLOYMENT_TARGET = 17.0;
				LOCALIZATION_PREFERS_STRING_CATALOGS = YES;
				MTL_ENABLE_DEBUG_INFO = INCLUDE_SOURCE;
				MTL_FAST_MATH = YES;
				ONLY_ACTIVE_ARCH = YES;
				SDKROOT = iphoneos;
				SWIFT_ACTIVE_COMPILATION_CONDITIONS = "DEBUG $(inherited)";
				SWIFT_OPTIMIZATION_LEVEL = "-Onone";
			};
			name = Debug;
		};
		3ACA67F02AEACDCD00336DA2 /* Release */ = {
			isa = XCBuildConfiguration;
			buildSettings = {
				ALWAYS_SEARCH_USER_PATHS = NO;
				ASSETCATALOG_COMPILER_GENERATE_SWIFT_ASSET_SYMBOL_EXTENSIONS = YES;
				CLANG_ANALYZER_NONNULL = YES;
				CLANG_ANALYZER_NUMBER_OBJECT_CONVERSION = YES_AGGRESSIVE;
				CLANG_CXX_LANGUAGE_STANDARD = "gnu++20";
				CLANG_ENABLE_MODULES = YES;
				CLANG_ENABLE_OBJC_ARC = YES;
				CLANG_ENABLE_OBJC_WEAK = YES;
				CLANG_WARN_BLOCK_CAPTURE_AUTORELEASING = YES;
				CLANG_WARN_BOOL_CONVERSION = YES;
				CLANG_WARN_COMMA = YES;
				CLANG_WARN_CONSTANT_CONVERSION = YES;
				CLANG_WARN_DEPRECATED_OBJC_IMPLEMENTATIONS = YES;
				CLANG_WARN_DIRECT_OBJC_ISA_USAGE = YES_ERROR;
				CLANG_WARN_DOCUMENTATION_COMMENTS = YES;
				CLANG_WARN_EMPTY_BODY = YES;
				CLANG_WARN_ENUM_CONVERSION = YES;
				CLANG_WARN_INFINITE_RECURSION = YES;
				CLANG_WARN_INT_CONVERSION = YES;
				CLANG_WARN_NON_LITERAL_NULL_CONVERSION = YES;
				CLANG_WARN_OBJC_IMPLICIT_RETAIN_SELF = YES;
				CLANG_WARN_OBJC_LITERAL_CONVERSION = YES;
				CLANG_WARN_OBJC_ROOT_CLASS = YES_ERROR;
				CLANG_WARN_QUOTED_INCLUDE_IN_FRAMEWORK_HEADER = YES;
				CLANG_WARN_RANGE_LOOP_ANALYSIS = YES;
				CLANG_WARN_STRICT_PROTOTYPES = YES;
				CLANG_WARN_SUSPICIOUS_MOVE = YES;
				CLANG_WARN_UNGUARDED_AVAILABILITY = YES_AGGRESSIVE;
				CLANG_WARN_UNREACHABLE_CODE = YES;
				CLANG_WARN__DUPLICATE_METHOD_MATCH = YES;
				COPY_PHASE_STRIP = NO;
				DEBUG_INFORMATION_FORMAT = "dwarf-with-dsym";
				ENABLE_NS_ASSERTIONS = NO;
				ENABLE_STRICT_OBJC_MSGSEND = YES;
				ENABLE_USER_SCRIPT_SANDBOXING = YES;
				GCC_C_LANGUAGE_STANDARD = gnu17;
				GCC_NO_COMMON_BLOCKS = YES;
				GCC_WARN_64_TO_32_BIT_CONVERSION = YES;
				GCC_WARN_ABOUT_RETURN_TYPE = YES_ERROR;
				GCC_WARN_UNDECLARED_SELECTOR = YES;
				GCC_WARN_UNINITIALIZED_AUTOS = YES_AGGRESSIVE;
				GCC_WARN_UNUSED_FUNCTION = YES;
				GCC_WARN_UNUSED_VARIABLE = YES;
				IPHONEOS_DEPLOYMENT_TARGET = 17.0;
				LOCALIZATION_PREFERS_STRING_CATALOGS = YES;
				MTL_ENABLE_DEBUG_INFO = NO;
				MTL_FAST_MATH = YES;
				SDKROOT = iphoneos;
				SWIFT_COMPILATION_MODE = wholemodule;
				VALIDATE_PRODUCT = YES;
			};
			name = Release;
		};
		3ACA67F22AEACDCD00336DA2 /* Debug */ = {
			isa = XCBuildConfiguration;
			buildSettings = {
				ASSETCATALOG_COMPILER_APPICON_NAME = AppIcon;
				ASSETCATALOG_COMPILER_GLOBAL_ACCENT_COLOR_NAME = AccentColor;
				CODE_SIGN_STYLE = Automatic;
				CURRENT_PROJECT_VERSION = 1;
				DEVELOPMENT_ASSET_PATHS = "\"PokemonApi/Preview Content\"";
				ENABLE_PREVIEWS = YES;
				GENERATE_INFOPLIST_FILE = YES;
				INFOPLIST_KEY_UIApplicationSceneManifest_Generation = YES;
				INFOPLIST_KEY_UIApplicationSupportsIndirectInputEvents = YES;
				INFOPLIST_KEY_UILaunchScreen_Generation = YES;
				INFOPLIST_KEY_UISupportedInterfaceOrientations_iPad = "UIInterfaceOrientationPortrait UIInterfaceOrientationPortraitUpsideDown UIInterfaceOrientationLandscapeLeft UIInterfaceOrientationLandscapeRight";
				INFOPLIST_KEY_UISupportedInterfaceOrientations_iPhone = "UIInterfaceOrientationPortrait UIInterfaceOrientationLandscapeLeft UIInterfaceOrientationLandscapeRight";
				LD_RUNPATH_SEARCH_PATHS = (
					"$(inherited)",
					"@executable_path/Frameworks",
				);
				MARKETING_VERSION = 1.0;
				PRODUCT_BUNDLE_IDENTIFIER = CW.PokemonApi;
				PRODUCT_NAME = "$(TARGET_NAME)";
				SWIFT_EMIT_LOC_STRINGS = YES;
				SWIFT_VERSION = 5.0;
				TARGETED_DEVICE_FAMILY = "1,2";
			};
			name = Debug;
		};
		3ACA67F32AEACDCD00336DA2 /* Release */ = {
			isa = XCBuildConfiguration;
			buildSettings = {
				ASSETCATALOG_COMPILER_APPICON_NAME = AppIcon;
				ASSETCATALOG_COMPILER_GLOBAL_ACCENT_COLOR_NAME = AccentColor;
				CODE_SIGN_STYLE = Automatic;
				CURRENT_PROJECT_VERSION = 1;
				DEVELOPMENT_ASSET_PATHS = "\"PokemonApi/Preview Content\"";
				ENABLE_PREVIEWS = YES;
				GENERATE_INFOPLIST_FILE = YES;
				INFOPLIST_KEY_UIApplicationSceneManifest_Generation = YES;
				INFOPLIST_KEY_UIApplicationSupportsIndirectInputEvents = YES;
				INFOPLIST_KEY_UILaunchScreen_Generation = YES;
				INFOPLIST_KEY_UISupportedInterfaceOrientations_iPad = "UIInterfaceOrientationPortrait UIInterfaceOrientationPortraitUpsideDown UIInterfaceOrientationLandscapeLeft UIInterfaceOrientationLandscapeRight";
				INFOPLIST_KEY_UISupportedInterfaceOrientations_iPhone = "UIInterfaceOrientationPortrait UIInterfaceOrientationLandscapeLeft UIInterfaceOrientationLandscapeRight";
				LD_RUNPATH_SEARCH_PATHS = (
					"$(inherited)",
					"@executable_path/Frameworks",
				);
				MARKETING_VERSION = 1.0;
				PRODUCT_BUNDLE_IDENTIFIER = CW.PokemonApi;
				PRODUCT_NAME = "$(TARGET_NAME)";
				SWIFT_EMIT_LOC_STRINGS = YES;
				SWIFT_VERSION = 5.0;
				TARGETED_DEVICE_FAMILY = "1,2";
			};
			name = Release;
		};
/* End XCBuildConfiguration section */

/* Begin XCConfigurationList section */
		3ACA67DE2AEACDCC00336DA2 /* Build configuration list for PBXProject "PokemonApi" */ = {
			isa = XCConfigurationList;
			buildConfigurations = (
				3ACA67EF2AEACDCD00336DA2 /* Debug */,
				3ACA67F02AEACDCD00336DA2 /* Release */,
			);
			defaultConfigurationIsVisible = 0;
			defaultConfigurationName = Release;
		};
		3ACA67F12AEACDCD00336DA2 /* Build configuration list for PBXNativeTarget "PokemonApi" */ = {
			isa = XCConfigurationList;
			buildConfigurations = (
				3ACA67F22AEACDCD00336DA2 /* Debug */,
				3ACA67F32AEACDCD00336DA2 /* Release */,
			);
			defaultConfigurationIsVisible = 0;
			defaultConfigurationName = Release;
		};
/* End XCConfigurationList section */
	};
	rootObject = 3ACA67DB2AEACDCC00336DA2 /* Project object */;
}
